
Microsoft Visual Studio Solution File, Format Version 12.00
# Visual Studio Version 17
VisualStudioVersion = 17.3.32728.150
MinimumVisualStudioVersion = 10.0.40219.1
Project("{FAE04EC0-301F-11D3-BF4B-00C04F79EFBC}") = "InteropDemo", "InteropDemo\InteropDemo.csproj", "{14F2B983-7E0D-4722-9668-F7296691CE3E}"
EndProject
Global
	GlobalSection(SolutionConfigurationPlatforms) = preSolution
		Debug|Any CPU = Debug|Any CPU
		Release|Any CPU = Release|Any CPU
	EndGlobalSection
	GlobalSection(ProjectConfigurationPlatforms) = postSolution
		{14F2B983-7E0D-4722-9668-F7296691CE3E}.Debug|Any CPU.ActiveCfg = Debug|Any CPU
		{14F2B983-7E0D-4722-9668-F7296691CE3E}.Debug|Any CPU.Build.0 = Debug|Any CPU
		{14F2B983-7E0D-4722-9668-F7296691CE3E}.Release|Any CPU.ActiveCfg = Release|Any CPU
		{14F2B983-7E0D-4722-9668-F7296691CE3E}.Release|Any CPU.Build.0 = Release|Any CPU
	EndGlobalSection
	GlobalSection(SolutionProperties) = preSolution
		HideSolutionNode = FALSE
	EndGlobalSection
	GlobalSection(ExtensibilityGlobals) = postSolution
		SolutionGuid = {25DB340A-CCBE-4237-A8C4-9417D085CAAB}
	EndGlobalSection
EndGlobal
